
Microsoft Visual Studio Solution File, Format Version 12.00
# Visual Studio 15
VisualStudioVersion = 15.0.27130.2010
MinimumVisualStudioVersion = 10.0.40219.1
Project("{FAE04EC0-301F-11D3-BF4B-00C04F79EFBC}") = "contacts", "contacts\contacts.csproj", "{8889C02E-4F2C-42D9-BBFD-ADE307BED08A}"
EndProject
Global
	GlobalSection(SolutionConfigurationPlatforms) = preSolution
		Debug|Any CPU = Debug|Any CPU
		Release|Any CPU = Release|Any CPU
	EndGlobalSection
	GlobalSection(ProjectConfigurationPlatforms) = postSolution
		{8889C02E-4F2C-42D9-BBFD-ADE307BED08A}.Debug|Any CPU.ActiveCfg = Debug|Any CPU
		{8889C02E-4F2C-42D9-BBFD-ADE307BED08A}.Debug|Any CPU.Build.0 = Debug|Any CPU
		{8889C02E-4F2C-42D9-BBFD-ADE307BED08A}.Release|Any CPU.ActiveCfg = Release|Any CPU
		{8889C02E-4F2C-42D9-BBFD-ADE307BED08A}.Release|Any CPU.Build.0 = Release|Any CPU
	EndGlobalSection
	GlobalSection(SolutionProperties) = preSolution
		HideSolutionNode = FALSE
	EndGlobalSection
	GlobalSection(ExtensibilityGlobals) = postSolution
		SolutionGuid = {471803A8-636E-4576-8559-1D8CEBDDDF90}
	EndGlobalSection
EndGlobal
